Microsoft Visual Studio Solution File, Format Version 11.00
# Visual Studio 2008

Project("{0FA3BE1D-2ADB-C1DB-C296-448202B1E49D}") = "flappy-bird", "Assembly-CSharp.csproj", "{966E97B8-85EA-D4A0-DA03-101A97BF1FE0}"
EndProject
Global
	GlobalSection(SolutionConfigurationPlatforms) = preSolution
		Debug|Any CPU = Debug|Any CPU
		Release|Any CPU = Release|Any CPU
	EndGlobalSection
	GlobalSection(ProjectConfigurationPlatforms) = postSolution
		{966E97B8-85EA-D4A0-DA03-101A97BF1FE0}.Debug|Any CPU.ActiveCfg = Debug|Any CPU
		{966E97B8-85EA-D4A0-DA03-101A97BF1FE0}.Debug|Any CPU.Build.0 = Debug|Any CPU
		{966E97B8-85EA-D4A0-DA03-101A97BF1FE0}.Release|Any CPU.ActiveCfg = Release|Any CPU
		{966E97B8-85EA-D4A0-DA03-101A97BF1FE0}.Release|Any CPU.Build.0 = Release|Any CPU
	EndGlobalSection
	GlobalSection(SolutionProperties) = preSolution
		HideSolutionNode = FALSE
	EndGlobalSection
	GlobalSection(MonoDevelopProperties) = preSolution
		StartupItem = Assembly-CSharp.csproj
	EndGlobalSection
EndGlobal
